
Microsoft Visual Studio Solution File, Format Version 12.00
# Visual Studio 15
Project("{FAE04EC0-301F-11D3-BF4B-00C04F79EFBC}") = "Obfuz.Editor", "Obfuz.Editor.csproj", "{61F9FC55-17B9-1093-9FB3-FCD0720BA981}"
EndProject
Project("{FAE04EC0-301F-11D3-BF4B-00C04F79EFBC}") = "Assembly-CSharp", "Assembly-CSharp.csproj", "{B6025A5C-81ED-6CAD-5C24-6C66FF91905F}"
EndProject
Project("{FAE04EC0-301F-11D3-BF4B-00C04F79EFBC}") = "Obfuz.Runtime", "Obfuz.Runtime.csproj", "{1FE2F0BF-BDED-ACA3-1B41-08AC3002B1B6}"
EndProject
Global
	GlobalSection(SolutionConfigurationPlatforms) = preSolution
		Debug|Any CPU = Debug|Any CPU
		Release|Any CPU = Release|Any CPU
	EndGlobalSection
	GlobalSection(ProjectConfigurationPlatforms) = postSolution
		{61F9FC55-17B9-1093-9FB3-FCD0720BA981}.Debug|Any CPU.ActiveCfg = Debug|Any CPU
		{61F9FC55-17B9-1093-9FB3-FCD0720BA981}.Debug|Any CPU.Build.0 = Debug|Any CPU
		{61F9FC55-17B9-1093-9FB3-FCD0720BA981}.Release|Any CPU.ActiveCfg = Release|Any CPU
		{61F9FC55-17B9-1093-9FB3-FCD0720BA981}.Release|Any CPU.Build.0 = Release|Any CPU
		{B6025A5C-81ED-6CAD-5C24-6C66FF91905F}.Debug|Any CPU.ActiveCfg = Debug|Any CPU
		{B6025A5C-81ED-6CAD-5C24-6C66FF91905F}.Debug|Any CPU.Build.0 = Debug|Any CPU
		{B6025A5C-81ED-6CAD-5C24-6C66FF91905F}.Release|Any CPU.ActiveCfg = Release|Any CPU
		{B6025A5C-81ED-6CAD-5C24-6C66FF91905F}.Release|Any CPU.Build.0 = Release|Any CPU
		{1FE2F0BF-BDED-ACA3-1B41-08AC3002B1B6}.Debug|Any CPU.ActiveCfg = Debug|Any CPU
		{1FE2F0BF-BDED-ACA3-1B41-08AC3002B1B6}.Debug|Any CPU.Build.0 = Debug|Any CPU
		{1FE2F0BF-BDED-ACA3-1B41-08AC3002B1B6}.Release|Any CPU.ActiveCfg = Release|Any CPU
		{1FE2F0BF-BDED-ACA3-1B41-08AC3002B1B6}.Release|Any CPU.Build.0 = Release|Any CPU
	EndGlobalSection
	GlobalSection(SolutionProperties) = preSolution
		HideSolutionNode = FALSE
	EndGlobalSection
EndGlobal
